schema: '2.0'
stages:
  prepare:
    cmd: python -m src.data.data_orchestration
    deps:
    - path: data/raw/msme_synthetic_50k.csv
      hash: md5
      md5: 07de4f6de90fd93d55bd79add6c62557
      size: 13258354
    - path: src/data
      hash: md5
      md5: 59579e2382a6b9ade62304957fbea6db.dir
      size: 74006
      nfiles: 14
    params:
      params.yaml:
        preprocessing:
          winsorise:
            lower_quantile: 0.01
            upper_quantile: 0.99
            columns:
            - Annual_Turnover_INR
            - Monthly_GST_Sales_INR
            - Monthly_GST_Purchases_INR
            - Monthly_UPI_Inflow_INR
            - Monthly_UPI_Outflow_INR
            - UPI_Avg_Ticket_Size_INR
            - Monthly_Bank_Credits_INR
            - Monthly_Bank_Debits_INR
            - Average_Bank_Balance_INR
            - Monthly_Payroll_INR
            - Monthly_Loan_EMI_INR
          min_denominator: 1.0
        schema:
          id_column: MSME_ID
          categorical_columns:
          - Customer_Segment
          - Business_Type
          - Industry
          - Location_Category
          - GST_Return_Frequency
          - Has_Existing_Loan
          structural_null_columns:
            EMI_On_Time_Rate_Pct: Has_Existing_Loan == 'No'
          feature_columns:
          - Customer_Segment
          - Business_Type
          - Industry
          - Location_Category
          - Years_in_Operation
          - Employee_Count
          - Annual_Turnover_INR
          - Monthly_GST_Sales_INR
          - Monthly_GST_Purchases_INR
          - GST_Filing_Timeliness_Pct
          - GST_Return_Frequency
          - Monthly_UPI_Inflow_INR
          - Monthly_UPI_Outflow_INR
          - UPI_Avg_Ticket_Size_INR
          - UPI_Daily_Txn_Count
          - Transaction_Volatility_Index
          - Monthly_Bank_Credits_INR
          - Monthly_Bank_Debits_INR
          - Average_Bank_Balance_INR
          - Cashflow_Stability_Index
          - Has_Existing_Loan
          - Monthly_Loan_EMI_INR
          - EMI_On_Time_Rate_Pct
          - Overdraft_Usage_Ratio
          - Monthly_Payroll_INR
          - Salary_Consistency_Pct
          - Employee_Attrition_Rate_Pct
          - Avg_Invoice_Payment_Delay_Days
          - Customer_Concentration_Ratio
          - Vendor_Payment_Timeliness_Pct
          - Seasonality_Index
          - Revenue_Growth_Rate_Pct
          - Credit_History_Months
          label_columns:
          - Business_Stability_Score
          - Cashflow_Score
          - Revenue_Consistency_Score
          - Payment_Behaviour_Score
          - Business_Growth_Score
          - Compliance_Score
          - Financial_Health_Score
          - Probability_of_Default
          - Credit_Risk_Category
          - Credit_Eligible
          - Recommended_Credit_Limit_INR
          pillar_label_map:
            business_stability: Business_Stability_Score
            cashflow: Cashflow_Score
            revenue_consistency: Revenue_Consistency_Score
            payment_behaviour: Payment_Behaviour_Score
            business_growth: Business_Growth_Score
            compliance: Compliance_Score
    outs:
    - path: data/processed/features.csv
      hash: md5
      md5: 0930be8c31d4db3d99bc8265ede43948
      size: 25689259
    - path: data/processed/winsor_limits.json
      hash: md5
      md5: 5c10ffbd92ce7af9fef93add9ad3d324
      size: 976
  calibrate:
    cmd: python -m src.scoring.pillar_calibration
    deps:
    - path: data/processed/features.csv
      hash: md5
      md5: 0930be8c31d4db3d99bc8265ede43948
      size: 25689259
    - path: src/scoring/pillar_calibration.py
      hash: md5
      md5: 798528c90aef7758ac9c14e9c23aab56
      size: 14256
    - path: src/scoring/pillars.py
      hash: md5
      md5: 3c1bac42fe7e3f6c3bb0221c42aa90db
      size: 10637
    params:
      params.yaml:
        pillars:
          fhs_weights:
            compliance: 0.272
            cashflow: 0.2378
            payment_behaviour: 0.225
            revenue_consistency: 0.1027
            business_stability: 0.0851
            business_growth: 0.0774
          business_stability:
            label: Business Stability
            band:
            - 50.6202
            - 90.7935
            drivers:
              years_in_operation:
                source: Years_in_Operation
                weight: 0.6625
                worst: 0.5
                best: 12.0
              employee_attrition:
                source: Employee_Attrition_Rate_Pct
                weight: 0.2538
                worst: 33.0
                best: 1.0
              employee_count:
                source: Employee_Count
                weight: 0.0279
                worst: 1.0
                best: 15.0
                label: team size
              business_type_standing:
                source: business_type_standing
                weight: 0.0279
                worst: 0.0
                best: 1.0
                label: constitution of the business
              location_standing:
                source: location_standing
                weight: 0.0279
                worst: 0.0
                best: 1.0
                label: operating location tier
          cashflow:
            label: Cash Flow
            band:
            - 47.5784
            - 91.2345
            drivers:
              cashflow_stability:
                source: Cashflow_Stability_Index
                weight: 0.5435
                worst: 0.45
                best: 0.88
                label: month-to-month cashflow stability
              overdraft_usage:
                source: Overdraft_Usage_Ratio
                weight: 0.2366
                worst: 0.46
                best: 0.05
              credit_debit_ratio:
                source: credit_debit_ratio
                weight: 0.1627
                worst: 1.0
                best: 1.6
                label: bank credits vs debits
              balance_days_of_outflow:
                source: balance_days_of_outflow
                weight: 0.0286
                worst: 3.0
                best: 45.0
                label: cash buffer in days of outflow
              dscr_proxy:
                source: dscr_proxy
                weight: 0.0286
                worst: 1.0
                best: 6.5
                label: debt service coverage
          revenue_consistency:
            label: Revenue Consistency
            band:
            - 37.3701
            - 88.1848
            drivers:
              transaction_volatility:
                source: Transaction_Volatility_Index
                weight: 0.5729
                worst: 0.55
                best: 0.08
              seasonality:
                source: Seasonality_Index
                weight: 0.3703
                worst: 0.8
                best: 0.05
                label: revenue seasonality
              upi_daily_txn_count:
                source: UPI_Daily_Txn_Count
                weight: 0.0284
                worst: 1.0
                best: 25.0
                label: daily digital transaction count
              revenue_triangulation_gap:
                source: revenue_triangulation_gap
                weight: 0.0284
                worst: 0.22
                best: 0.02
                label: agreement between GST, bank and UPI revenue
          payment_behaviour:
            label: Payment Behaviour
            band:
            - 61.5215
            - 100.0
            drivers:
              vendor_payment_timeliness:
                source: Vendor_Payment_Timeliness_Pct
                weight: 0.5302
                worst: 62.0
                best: 100.0
                label: supplier payment punctuality
              invoice_payment_delay:
                source: Avg_Invoice_Payment_Delay_Days
                weight: 0.3184
                worst: 45.0
                best: 0.5
              emi_on_time_rate:
                source: EMI_On_Time_Rate_Pct
                weight: 0.1223
                worst: 76.0
                best: 100.0
                label: loan EMI punctuality
                optional: true
              salary_consistency:
                source: Salary_Consistency_Pct
                weight: 0.0291
                worst: 68.0
                best: 100.0
          business_growth:
            label: Business Growth
            band:
            - 14.6884
            - 68.1708
            drivers:
              revenue_growth_rate:
                source: Revenue_Growth_Rate_Pct
                weight: 0.943
                worst: -25.0
                best: 45.0
              turnover_per_employee:
                source: turnover_per_employee
                weight: 0.0285
                worst: 500000.0
                best: 4700000.0
              gst_turnover_realisation:
                source: gst_turnover_realisation
                weight: 0.0285
                worst: 0.85
                best: 1.15
                label: GST sales run-rate vs declared turnover
          compliance:
            label: Compliance
            band:
            - 63.9695
            - 100.0
            drivers:
              gst_filing_timeliness:
                source: GST_Filing_Timeliness_Pct
                weight: 0.7219
                worst: 65.0
                best: 100.0
                label: GST filing timeliness
              payroll_regularity:
                source: Salary_Consistency_Pct
                weight: 0.2215
                worst: 68.0
                best: 100.0
                label: EPFO payroll regularity
              gst_return_frequency:
                source: gst_return_frequency_standing
                weight: 0.0283
                worst: 0.0
                best: 1.0
                label: GST return filing frequency
              gst_bank_reconciliation:
                source: gst_bank_reconciliation_gap
                weight: 0.0283
                worst: 0.15
                best: 0.01
                label: GST sales vs bank credit reconciliation
    outs:
    - path: data/artifacts/pillar_calibration.json
      hash: md5
      md5: 769a08cdd25a400d34d11953f08b6a55
      size: 4712
  train:
    cmd: python -m src.model.model_orchestration
    deps:
    - path: data/processed/features.csv
      hash: md5
      md5: 0930be8c31d4db3d99bc8265ede43948
      size: 25689259
    - path: src/model
      hash: md5
      md5: f8af3d3c0a287b3610ca4e9a6d6c74ce.dir
      size: 141677
      nfiles: 16
    - path: src/scoring
      hash: md5
      md5: 07bea012aaf16209f7e9fd935817a9f8.dir
      size: 191947
      nfiles: 16
    params:
      params.yaml:
        model_params:
          test_size: 0.2
          random_state: 42
          stratify_column: Customer_Segment
          pd_regressor:
            objective: reg:squarederror
            n_estimators: 600
            learning_rate: 0.05
            max_leaves: 63
            max_depth: 0
            grow_policy: lossguide
            min_child_weight: 10
            subsample: 0.9
            colsample_bytree: 0.9
            reg_lambda: 1.0
            tree_method: hist
            enable_categorical: true
            importance_type: total_gain
            n_jobs: -1
            verbosity: 0
          eligibility_classifier:
            objective: binary:logistic
            n_estimators: 500
            learning_rate: 0.05
            max_leaves: 31
            max_depth: 0
            grow_policy: lossguide
            min_child_weight: 5
            subsample: 0.9
            colsample_bytree: 0.9
            reg_lambda: 1.0
            tree_method: hist
            enable_categorical: true
            importance_type: total_gain
            n_jobs: -1
            verbosity: 0
          pd_fallback:
            form: exponential
            slope: -0.128489
            intercept: 7.126603
            pd_min: 0.002
            pd_max: 0.75
          fairness_slice_columns:
          - Customer_Segment
          - Location_Category
          - Industry
          - Business_Type
        pillars:
          fhs_weights:
            compliance: 0.272
            cashflow: 0.2378
            payment_behaviour: 0.225
            revenue_consistency: 0.1027
            business_stability: 0.0851
            business_growth: 0.0774
          business_stability:
            label: Business Stability
            band:
            - 50.6202
            - 90.7935
            drivers:
              years_in_operation:
                source: Years_in_Operation
                weight: 0.6625
                worst: 0.5
                best: 12.0
              employee_attrition:
                source: Employee_Attrition_Rate_Pct
                weight: 0.2538
                worst: 33.0
                best: 1.0
              employee_count:
                source: Employee_Count
                weight: 0.0279
                worst: 1.0
                best: 15.0
                label: team size
              business_type_standing:
                source: business_type_standing
                weight: 0.0279
                worst: 0.0
                best: 1.0
                label: constitution of the business
              location_standing:
                source: location_standing
                weight: 0.0279
                worst: 0.0
                best: 1.0
                label: operating location tier
          cashflow:
            label: Cash Flow
            band:
            - 47.5784
            - 91.2345
            drivers:
              cashflow_stability:
                source: Cashflow_Stability_Index
                weight: 0.5435
                worst: 0.45
                best: 0.88
                label: month-to-month cashflow stability
              overdraft_usage:
                source: Overdraft_Usage_Ratio
                weight: 0.2366
                worst: 0.46
                best: 0.05
              credit_debit_ratio:
                source: credit_debit_ratio
                weight: 0.1627
                worst: 1.0
                best: 1.6
                label: bank credits vs debits
              balance_days_of_outflow:
                source: balance_days_of_outflow
                weight: 0.0286
                worst: 3.0
                best: 45.0
                label: cash buffer in days of outflow
              dscr_proxy:
                source: dscr_proxy
                weight: 0.0286
                worst: 1.0
                best: 6.5
                label: debt service coverage
          revenue_consistency:
            label: Revenue Consistency
            band:
            - 37.3701
            - 88.1848
            drivers:
              transaction_volatility:
                source: Transaction_Volatility_Index
                weight: 0.5729
                worst: 0.55
                best: 0.08
              seasonality:
                source: Seasonality_Index
                weight: 0.3703
                worst: 0.8
                best: 0.05
                label: revenue seasonality
              upi_daily_txn_count:
                source: UPI_Daily_Txn_Count
                weight: 0.0284
                worst: 1.0
                best: 25.0
                label: daily digital transaction count
              revenue_triangulation_gap:
                source: revenue_triangulation_gap
                weight: 0.0284
                worst: 0.22
                best: 0.02
                label: agreement between GST, bank and UPI revenue
          payment_behaviour:
            label: Payment Behaviour
            band:
            - 61.5215
            - 100.0
            drivers:
              vendor_payment_timeliness:
                source: Vendor_Payment_Timeliness_Pct
                weight: 0.5302
                worst: 62.0
                best: 100.0
                label: supplier payment punctuality
              invoice_payment_delay:
                source: Avg_Invoice_Payment_Delay_Days
                weight: 0.3184
                worst: 45.0
                best: 0.5
              emi_on_time_rate:
                source: EMI_On_Time_Rate_Pct
                weight: 0.1223
                worst: 76.0
                best: 100.0
                label: loan EMI punctuality
                optional: true
              salary_consistency:
                source: Salary_Consistency_Pct
                weight: 0.0291
                worst: 68.0
                best: 100.0
          business_growth:
            label: Business Growth
            band:
            - 14.6884
            - 68.1708
            drivers:
              revenue_growth_rate:
                source: Revenue_Growth_Rate_Pct
                weight: 0.943
                worst: -25.0
                best: 45.0
              turnover_per_employee:
                source: turnover_per_employee
                weight: 0.0285
                worst: 500000.0
                best: 4700000.0
              gst_turnover_realisation:
                source: gst_turnover_realisation
                weight: 0.0285
                worst: 0.85
                best: 1.15
                label: GST sales run-rate vs declared turnover
          compliance:
            label: Compliance
            band:
            - 63.9695
            - 100.0
            drivers:
              gst_filing_timeliness:
                source: GST_Filing_Timeliness_Pct
                weight: 0.7219
                worst: 65.0
                best: 100.0
                label: GST filing timeliness
              payroll_regularity:
                source: Salary_Consistency_Pct
                weight: 0.2215
                worst: 68.0
                best: 100.0
                label: EPFO payroll regularity
              gst_return_frequency:
                source: gst_return_frequency_standing
                weight: 0.0283
                worst: 0.0
                best: 1.0
                label: GST return filing frequency
              gst_bank_reconciliation:
                source: gst_bank_reconciliation_gap
                weight: 0.0283
                worst: 0.15
                best: 0.01
                label: GST sales vs bank credit reconciliation
    outs:
    - path: model_artifact/scoring_bundle.joblib
      hash: md5
      md5: c018a334bf188564a3a9aae34a9b051a
      size: 1879330
    - path: model_artifact/training_report.json
      hash: md5
      md5: bea63e95d433a794ac971efe060ef5be
      size: 17667
  score:
    cmd: python -m src.model.batch_inference
    deps:
    - path: data/raw/msme_synthetic_50k.csv
      hash: md5
      md5: 07de4f6de90fd93d55bd79add6c62557
      size: 13258354
    - path: model_artifact/scoring_bundle.joblib
      hash: md5
      md5: c018a334bf188564a3a9aae34a9b051a
      size: 1879330
    - path: src/scoring/scoring_orchestration.py
      hash: md5
      md5: 395604bb93c15e95785c8ee09ff7a290
      size: 15545
    params:
      params.yaml:
        policy:
          pd_bands:
            low_max: 0.06
            medium_max: 0.15
          knockouts:
            enabled: true
            min_years_in_operation: 0.2
            min_annual_turnover_inr: 300000.0
            min_gst_filing_timeliness_pct: 50.0
            max_overdraft_usage_ratio: 0.6
            block_on_anomaly_severity:
            - critical
          limits:
            band_multiple:
              low: 0.2097
              medium: 0.1189
              high: 0.0
            cashflow_scaling: true
            rounding_inr: 1000
            min_limit_inr: 20000.0
            max_limit_inr: 50000000.0
            dscr_headroom:
              enabled: true
              min_dscr: 1.25
              assumed_annual_rate_pct: 14.0
          tenor_months:
            low: 36
            medium: 24
            high: 12
          pricing_spread_pct:
            low: 2.5
            medium: 4.5
            high: 7.5
          base_rate_pct: 9.0
    outs:
    - path: data/processed/portfolio_scores.csv
      hash: md5
      md5: 9d526e5407b645041bd39112bd8c5caa
      size: 21543667
  evaluate:
    cmd: python -m src.evaluation report
    deps:
    - path: model_artifact/scoring_bundle.joblib
      hash: md5
      md5: c018a334bf188564a3a9aae34a9b051a
      size: 1879330
    - path: src/evaluation
      hash: md5
      md5: bc7a48a775275af158562b39bed024b5.dir
      size: 65718
      nfiles: 11
    params:
      params.yaml:
        evaluation:
          thresholds:
            pd_mae_max: 0.025
            pd_brier_max: 0.02
            eligibility_auc_min: 0.95
            pillar_adj_r2_min: 0.75
            fhs_mae_max: 2.5
            limit_mape_max: 0.15
            fairness_max_deviation_points: 3.0
          calibration_bins: 10
          sample_rows: 0
    outs:
    - path: data/eval/reports/latest.json
      hash: md5
      md5: d7b94c0b977612d8a50cd64f751f1318
      size: 10961
    - path: data/eval/reports/latest.md
      hash: md5
      md5: 88122923711aef561c9f9bb22e4c4350
      size: 2664
